
Microsoft Visual Studio Solution File, Format Version 12.00
# Visual Studio Version 16
VisualStudioVersion = 16.0.29911.84
MinimumVisualStudioVersion = 10.0.40219.1
Project("{FAE04EC0-301F-11D3-BF4B-00C04F79EFBC}") = "ConsoleApp1", "ConsoleApp1\ConsoleApp1.csproj", "{DE33A756-F004-48AB-AAF1-8AF4D8E1321A}"
EndProject
Global
	GlobalSection(SolutionConfigurationPlatforms) = preSolution
		Debug|Any CPU = Debug|Any CPU
		Release|Any CPU = Release|Any CPU
	EndGlobalSection
	GlobalSection(ProjectConfigurationPlatforms) = postSolution
		{DE33A756-F004-48AB-AAF1-8AF4D8E1321A}.Debug|Any CPU.ActiveCfg = Debug|Any CPU
		{DE33A756-F004-48AB-AAF1-8AF4D8E1321A}.Debug|Any CPU.Build.0 = Debug|Any CPU
		{DE33A756-F004-48AB-AAF1-8AF4D8E1321A}.Release|Any CPU.ActiveCfg = Release|Any CPU
		{DE33A756-F004-48AB-AAF1-8AF4D8E1321A}.Release|Any CPU.Build.0 = Release|Any CPU
	EndGlobalSection
	GlobalSection(SolutionProperties) = preSolution
		HideSolutionNode = FALSE
	EndGlobalSection
	GlobalSection(ExtensibilityGlobals) = postSolution
		SolutionGuid = {12A100CA-2602-421D-97C7-A7C521F81C42}
	EndGlobalSection
EndGlobal
